{
  "name": "alo",
  "version": "1.0.0",
  "lockfileVersion": 1,
  "requires": true,
  "dependencies": {
    "@types/node": {
      "version": "16.11.6",
      "resolved": "https://dpsartifactory.jfrog.io/artifactory/api/npm/npm/@types/node/-/node-16.11.6.tgz",
      "integrity": "sha1-a+96KgrWhM9ukPz+Mc7KvZzgo64="
    },
    "fs": {
      "version": "0.0.1-security",
      "resolved": "https://dpsartifactory.jfrog.io/artifactory/api/npm/npm/fs/-/fs-0.0.1-security.tgz",
      "integrity": "sha1-invTcYa23d84E/I4WLV+yq9eQdQ="
    }
  }
}
